
Microsoft Visual Studio Solution File, Format Version 12.00
# Visual Studio Version 17
VisualStudioVersion = 17.4.33213.308
MinimumVisualStudioVersion = 10.0.40219.1
Project("{00D1A9C2-B5F0-4AF3-8072-F6C62B433612}") = "ramr2012", "ramr2012.sqlproj", "{95679BEF-F32D-4345-A733-F79C2C1B9258}"
EndProject
Global
	GlobalSection(SolutionConfigurationPlatforms) = preSolution
		Debug|Any CPU = Debug|Any CPU
		Release|Any CPU = Release|Any CPU
	EndGlobalSection
	GlobalSection(ProjectConfigurationPlatforms) = postSolution
		{95679BEF-F32D-4345-A733-F79C2C1B9258}.Debug|Any CPU.ActiveCfg = Debug|Any CPU
		{95679BEF-F32D-4345-A733-F79C2C1B9258}.Debug|Any CPU.Build.0 = Debug|Any CPU
		{95679BEF-F32D-4345-A733-F79C2C1B9258}.Debug|Any CPU.Deploy.0 = Debug|Any CPU
		{95679BEF-F32D-4345-A733-F79C2C1B9258}.Release|Any CPU.ActiveCfg = Release|Any CPU
		{95679BEF-F32D-4345-A733-F79C2C1B9258}.Release|Any CPU.Build.0 = Release|Any CPU
		{95679BEF-F32D-4345-A733-F79C2C1B9258}.Release|Any CPU.Deploy.0 = Release|Any CPU
	EndGlobalSection
	GlobalSection(SolutionProperties) = preSolution
		HideSolutionNode = FALSE
	EndGlobalSection
	GlobalSection(ExtensibilityGlobals) = postSolution
		SolutionGuid = {B5DACA1C-FFC5-4BE2-B96D-F9B1D7199758}
	EndGlobalSection
EndGlobal
